
Microsoft Visual Studio Solution File, Format Version 12.00
# Visual Studio 2012
VisualStudioVersion = 12.0.31101.0
MinimumVisualStudioVersion = 10.0.40219.1
Project("{FAE04EC0-301F-11D3-BF4B-00C04F79EFBC}") = "Isop", "Isop\Isop.csproj", "{3B16BAF9-69F1-4A7B-A6C0-62DE88FD38CB}"
EndProject
Project("{FAE04EC0-301F-11D3-BF4B-00C04F79EFBC}") = "Tests", "Tests\Tests.csproj", "{55C48544-BD4E-4101-A42C-CCCEB2F92304}"
EndProject
Project("{FAE04EC0-301F-11D3-BF4B-00C04F79EFBC}") = "Example", "Example\Example.csproj", "{02596ACA-3C85-4353-8744-5F0A172BA757}"
EndProject
Project("{FAE04EC0-301F-11D3-BF4B-00C04F79EFBC}") = "Isop.Cli", "Isop.Auto.Cli\Isop.Cli.csproj", "{C5008846-A54B-46C3-B144-973E50B8620F}"
EndProject
Project("{2150E333-8FDC-42A3-9474-1A3956D46DE8}") = ".nuget", ".nuget", "{616AC38F-F483-4A59-A09C-EB817929F7C7}"
	ProjectSection(SolutionItems) = preProject
		.nuget\NuGet.Config = .nuget\NuGet.Config
		.nuget\NuGet.exe = .nuget\NuGet.exe
		.nuget\nuget.rb = .nuget\nuget.rb
		.nuget\packages.config = .nuget\packages.config
	EndProjectSection
EndProject
Project("{2150E333-8FDC-42A3-9474-1A3956D46DE8}") = "Solution Items", "Solution Items", "{623E4E99-6404-4ED3-ACC4-98BB79C8978B}"
	ProjectSection(SolutionItems) = preProject
		..\rakefile.rb = ..\rakefile.rb
		..\README.md = ..\README.md
	EndProjectSection
EndProject
Project("{FAE04EC0-301F-11D3-BF4B-00C04F79EFBC}") = "Isop.Server", "Isop.Server\Isop.Server.csproj", "{3F6B64BC-A3CC-430E-A9EF-2A2BDC98FE0A}"
EndProject
Project("{FAE04EC0-301F-11D3-BF4B-00C04F79EFBC}") = "Isop.Client", "Isop.Client\Isop.Client.csproj", "{A6F3BF74-A744-4886-9777-B9FD6CFA7F5B}"
EndProject
Project("{FAE04EC0-301F-11D3-BF4B-00C04F79EFBC}") = "Isop.Client.Tests", "Isop.Client.Tests\Isop.Client.Tests.csproj", "{FEE255A9-1012-4990-BF0D-7648F5489346}"
EndProject
Project("{FAE04EC0-301F-11D3-BF4B-00C04F79EFBC}") = "Isop.Server.AspNet", "Isop.Server.AspNet\Isop.Server.AspNet.csproj", "{8FE2916C-8574-4C04-BED3-9799CA458456}"
EndProject
Project("{D954291E-2A0B-460D-934E-DC6B0785DB48}") = "Isop.Xamarin", "Isop.Xamarin\Isop.Xamarin.shproj", "{24368544-6CB7-4866-AACB-813A450E34FE}"
EndProject
Project("{FAE04EC0-301F-11D3-BF4B-00C04F79EFBC}") = "Isop.Xamarin.iOS", "Isop.Xamarin\iOS\Isop.Xamarin.iOS.csproj", "{A624D7AF-4B2C-439F-AFA0-C7EA88C0D13B}"
EndProject
Project("{FAE04EC0-301F-11D3-BF4B-00C04F79EFBC}") = "Isop.Xamarin.Droid", "Isop.Xamarin\Droid\Isop.Xamarin.Droid.csproj", "{CD5F862C-E318-45AB-BB24-A5C648F55CAD}"
EndProject
Project("{FAE04EC0-301F-11D3-BF4B-00C04F79EFBC}") = "Isop.Client.Pcl", "Isop.Client.Pcl\Isop.Client.Pcl.csproj", "{1C13F700-718E-4DA7-ABC1-D43E8C8713D9}"
EndProject
Global
	GlobalSection(SolutionConfigurationPlatforms) = preSolution
		Debug|Any CPU = Debug|Any CPU
		Debug|Mixed Platforms = Debug|Mixed Platforms
		Debug|x86 = Debug|x86
		Release|Any CPU = Release|Any CPU
		Release|Mixed Platforms = Release|Mixed Platforms
		Release|x86 = Release|x86
		Debug|iPhoneSimulator = Debug|iPhoneSimulator
		Release|iPhoneSimulator = Release|iPhoneSimulator
		Debug|iPhone = Debug|iPhone
		Release|iPhone = Release|iPhone
		Ad-Hoc|iPhone = Ad-Hoc|iPhone
		AppStore|iPhone = AppStore|iPhone
	EndGlobalSection
	GlobalSection(ProjectConfigurationPlatforms) = postSolution
		{02596ACA-3C85-4353-8744-5F0A172BA757}.Ad-Hoc|iPhone.ActiveCfg = Debug|x86
		{02596ACA-3C85-4353-8744-5F0A172BA757}.Ad-Hoc|iPhone.Build.0 = Debug|x86
		{02596ACA-3C85-4353-8744-5F0A172BA757}.AppStore|iPhone.ActiveCfg = Debug|x86
		{02596ACA-3C85-4353-8744-5F0A172BA757}.AppStore|iPhone.Build.0 = Debug|x86
		{02596ACA-3C85-4353-8744-5F0A172BA757}.Debug|Any CPU.ActiveCfg = Debug|x86
		{02596ACA-3C85-4353-8744-5F0A172BA757}.Debug|Any CPU.Build.0 = Debug|x86
		{02596ACA-3C85-4353-8744-5F0A172BA757}.Debug|iPhone.ActiveCfg = Debug|x86
		{02596ACA-3C85-4353-8744-5F0A172BA757}.Debug|iPhone.Build.0 = Debug|x86
		{02596ACA-3C85-4353-8744-5F0A172BA757}.Debug|iPhoneSimulator.ActiveCfg = Debug|x86
		{02596ACA-3C85-4353-8744-5F0A172BA757}.Debug|iPhoneSimulator.Build.0 = Debug|x86
		{02596ACA-3C85-4353-8744-5F0A172BA757}.Debug|Mixed Platforms.ActiveCfg = Debug|x86
		{02596ACA-3C85-4353-8744-5F0A172BA757}.Debug|Mixed Platforms.Build.0 = Debug|x86
		{02596ACA-3C85-4353-8744-5F0A172BA757}.Debug|x86.ActiveCfg = Debug|x86
		{02596ACA-3C85-4353-8744-5F0A172BA757}.Debug|x86.Build.0 = Debug|x86
		{02596ACA-3C85-4353-8744-5F0A172BA757}.Release|Any CPU.ActiveCfg = Release|x86
		{02596ACA-3C85-4353-8744-5F0A172BA757}.Release|Any CPU.Build.0 = Release|x86
		{02596ACA-3C85-4353-8744-5F0A172BA757}.Release|iPhone.ActiveCfg = Release|x86
		{02596ACA-3C85-4353-8744-5F0A172BA757}.Release|iPhone.Build.0 = Release|x86
		{02596ACA-3C85-4353-8744-5F0A172BA757}.Release|iPhoneSimulator.ActiveCfg = Release|x86
		{02596ACA-3C85-4353-8744-5F0A172BA757}.Release|iPhoneSimulator.Build.0 = Release|x86
		{02596ACA-3C85-4353-8744-5F0A172BA757}.Release|Mixed Platforms.ActiveCfg = Release|x86
		{02596ACA-3C85-4353-8744-5F0A172BA757}.Release|Mixed Platforms.Build.0 = Release|x86
		{02596ACA-3C85-4353-8744-5F0A172BA757}.Release|x86.ActiveCfg = Release|x86
		{02596ACA-3C85-4353-8744-5F0A172BA757}.Release|x86.Build.0 = Release|x86
		{1C13F700-718E-4DA7-ABC1-D43E8C8713D9}.Ad-Hoc|iPhone.ActiveCfg = Release|Any CPU
		{1C13F700-718E-4DA7-ABC1-D43E8C8713D9}.Ad-Hoc|iPhone.Build.0 = Release|Any CPU
		{1C13F700-718E-4DA7-ABC1-D43E8C8713D9}.AppStore|iPhone.ActiveCfg = Release|Any CPU
		{1C13F700-718E-4DA7-ABC1-D43E8C8713D9}.AppStore|iPhone.Build.0 = Release|Any CPU
		{1C13F700-718E-4DA7-ABC1-D43E8C8713D9}.Debug|Any CPU.ActiveCfg = Debug|Any CPU
		{1C13F700-718E-4DA7-ABC1-D43E8C8713D9}.Debug|Any CPU.Build.0 = Debug|Any CPU
		{1C13F700-718E-4DA7-ABC1-D43E8C8713D9}.Debug|iPhone.ActiveCfg = Debug|Any CPU
		{1C13F700-718E-4DA7-ABC1-D43E8C8713D9}.Debug|iPhone.Build.0 = Debug|Any CPU
		{1C13F700-718E-4DA7-ABC1-D43E8C8713D9}.Debug|iPhoneSimulator.ActiveCfg = Debug|Any CPU
		{1C13F700-718E-4DA7-ABC1-D43E8C8713D9}.Debug|iPhoneSimulator.Build.0 = Debug|Any CPU
		{1C13F700-718E-4DA7-ABC1-D43E8C8713D9}.Debug|Mixed Platforms.ActiveCfg = Debug|Any CPU
		{1C13F700-718E-4DA7-ABC1-D43E8C8713D9}.Debug|Mixed Platforms.Build.0 = Debug|Any CPU
		{1C13F700-718E-4DA7-ABC1-D43E8C8713D9}.Debug|x86.ActiveCfg = Debug|Any CPU
		{1C13F700-718E-4DA7-ABC1-D43E8C8713D9}.Debug|x86.Build.0 = Debug|Any CPU
		{1C13F700-718E-4DA7-ABC1-D43E8C8713D9}.Release|Any CPU.ActiveCfg = Release|Any CPU
		{1C13F700-718E-4DA7-ABC1-D43E8C8713D9}.Release|Any CPU.Build.0 = Release|Any CPU
		{1C13F700-718E-4DA7-ABC1-D43E8C8713D9}.Release|iPhone.ActiveCfg = Release|Any CPU
		{1C13F700-718E-4DA7-ABC1-D43E8C8713D9}.Release|iPhone.Build.0 = Release|Any CPU
		{1C13F700-718E-4DA7-ABC1-D43E8C8713D9}.Release|iPhoneSimulator.ActiveCfg = Release|Any CPU
		{1C13F700-718E-4DA7-ABC1-D43E8C8713D9}.Release|iPhoneSimulator.Build.0 = Release|Any CPU
		{1C13F700-718E-4DA7-ABC1-D43E8C8713D9}.Release|Mixed Platforms.ActiveCfg = Release|Any CPU
		{1C13F700-718E-4DA7-ABC1-D43E8C8713D9}.Release|Mixed Platforms.Build.0 = Release|Any CPU
		{1C13F700-718E-4DA7-ABC1-D43E8C8713D9}.Release|x86.ActiveCfg = Release|Any CPU
		{1C13F700-718E-4DA7-ABC1-D43E8C8713D9}.Release|x86.Build.0 = Release|Any CPU
		{3B16BAF9-69F1-4A7B-A6C0-62DE88FD38CB}.Ad-Hoc|iPhone.ActiveCfg = Debug|Any CPU
		{3B16BAF9-69F1-4A7B-A6C0-62DE88FD38CB}.Ad-Hoc|iPhone.Build.0 = Debug|Any CPU
		{3B16BAF9-69F1-4A7B-A6C0-62DE88FD38CB}.AppStore|iPhone.ActiveCfg = Debug|Any CPU
		{3B16BAF9-69F1-4A7B-A6C0-62DE88FD38CB}.AppStore|iPhone.Build.0 = Debug|Any CPU
		{3B16BAF9-69F1-4A7B-A6C0-62DE88FD38CB}.Debug|Any CPU.ActiveCfg = Debug|Any CPU
		{3B16BAF9-69F1-4A7B-A6C0-62DE88FD38CB}.Debug|Any CPU.Build.0 = Debug|Any CPU
		{3B16BAF9-69F1-4A7B-A6C0-62DE88FD38CB}.Debug|iPhone.ActiveCfg = Debug|Any CPU
		{3B16BAF9-69F1-4A7B-A6C0-62DE88FD38CB}.Debug|iPhone.Build.0 = Debug|Any CPU
		{3B16BAF9-69F1-4A7B-A6C0-62DE88FD38CB}.Debug|iPhoneSimulator.ActiveCfg = Debug|Any CPU
		{3B16BAF9-69F1-4A7B-A6C0-62DE88FD38CB}.Debug|iPhoneSimulator.Build.0 = Debug|Any CPU
		{3B16BAF9-69F1-4A7B-A6C0-62DE88FD38CB}.Debug|Mixed Platforms.ActiveCfg = Debug|Any CPU
		{3B16BAF9-69F1-4A7B-A6C0-62DE88FD38CB}.Debug|Mixed Platforms.Build.0 = Debug|Any CPU
		{3B16BAF9-69F1-4A7B-A6C0-62DE88FD38CB}.Debug|x86.ActiveCfg = Debug|x86
		{3B16BAF9-69F1-4A7B-A6C0-62DE88FD38CB}.Debug|x86.Build.0 = Debug|x86
		{3B16BAF9-69F1-4A7B-A6C0-62DE88FD38CB}.Release|Any CPU.ActiveCfg = Release|Any CPU
		{3B16BAF9-69F1-4A7B-A6C0-62DE88FD38CB}.Release|Any CPU.Build.0 = Release|Any CPU
		{3B16BAF9-69F1-4A7B-A6C0-62DE88FD38CB}.Release|iPhone.ActiveCfg = Release|Any CPU
		{3B16BAF9-69F1-4A7B-A6C0-62DE88FD38CB}.Release|iPhone.Build.0 = Release|Any CPU
		{3B16BAF9-69F1-4A7B-A6C0-62DE88FD38CB}.Release|iPhoneSimulator.ActiveCfg = Release|Any CPU
		{3B16BAF9-69F1-4A7B-A6C0-62DE88FD38CB}.Release|iPhoneSimulator.Build.0 = Release|Any CPU
		{3B16BAF9-69F1-4A7B-A6C0-62DE88FD38CB}.Release|Mixed Platforms.ActiveCfg = Release|Any CPU
		{3B16BAF9-69F1-4A7B-A6C0-62DE88FD38CB}.Release|Mixed Platforms.Build.0 = Release|Any CPU
		{3B16BAF9-69F1-4A7B-A6C0-62DE88FD38CB}.Release|x86.ActiveCfg = Release|x86
		{3B16BAF9-69F1-4A7B-A6C0-62DE88FD38CB}.Release|x86.Build.0 = Release|x86
		{3F6B64BC-A3CC-430E-A9EF-2A2BDC98FE0A}.Ad-Hoc|iPhone.ActiveCfg = Debug|Any CPU
		{3F6B64BC-A3CC-430E-A9EF-2A2BDC98FE0A}.Ad-Hoc|iPhone.Build.0 = Debug|Any CPU
		{3F6B64BC-A3CC-430E-A9EF-2A2BDC98FE0A}.AppStore|iPhone.ActiveCfg = Debug|Any CPU
		{3F6B64BC-A3CC-430E-A9EF-2A2BDC98FE0A}.AppStore|iPhone.Build.0 = Debug|Any CPU
		{3F6B64BC-A3CC-430E-A9EF-2A2BDC98FE0A}.Debug|Any CPU.ActiveCfg = Debug|Any CPU
		{3F6B64BC-A3CC-430E-A9EF-2A2BDC98FE0A}.Debug|Any CPU.Build.0 = Debug|Any CPU
		{3F6B64BC-A3CC-430E-A9EF-2A2BDC98FE0A}.Debug|iPhone.ActiveCfg = Debug|Any CPU
		{3F6B64BC-A3CC-430E-A9EF-2A2BDC98FE0A}.Debug|iPhone.Build.0 = Debug|Any CPU
		{3F6B64BC-A3CC-430E-A9EF-2A2BDC98FE0A}.Debug|iPhoneSimulator.ActiveCfg = Debug|Any CPU
		{3F6B64BC-A3CC-430E-A9EF-2A2BDC98FE0A}.Debug|iPhoneSimulator.Build.0 = Debug|Any CPU
		{3F6B64BC-A3CC-430E-A9EF-2A2BDC98FE0A}.Debug|Mixed Platforms.ActiveCfg = Debug|Any CPU
		{3F6B64BC-A3CC-430E-A9EF-2A2BDC98FE0A}.Debug|Mixed Platforms.Build.0 = Debug|Any CPU
		{3F6B64BC-A3CC-430E-A9EF-2A2BDC98FE0A}.Debug|x86.ActiveCfg = Debug|x86
		{3F6B64BC-A3CC-430E-A9EF-2A2BDC98FE0A}.Debug|x86.Build.0 = Debug|x86
		{3F6B64BC-A3CC-430E-A9EF-2A2BDC98FE0A}.Release|Any CPU.ActiveCfg = Release|Any CPU
		{3F6B64BC-A3CC-430E-A9EF-2A2BDC98FE0A}.Release|Any CPU.Build.0 = Release|Any CPU
		{3F6B64BC-A3CC-430E-A9EF-2A2BDC98FE0A}.Release|iPhone.ActiveCfg = Release|Any CPU
		{3F6B64BC-A3CC-430E-A9EF-2A2BDC98FE0A}.Release|iPhone.Build.0 = Release|Any CPU
		{3F6B64BC-A3CC-430E-A9EF-2A2BDC98FE0A}.Release|iPhoneSimulator.ActiveCfg = Release|Any CPU
		{3F6B64BC-A3CC-430E-A9EF-2A2BDC98FE0A}.Release|iPhoneSimulator.Build.0 = Release|Any CPU
		{3F6B64BC-A3CC-430E-A9EF-2A2BDC98FE0A}.Release|Mixed Platforms.ActiveCfg = Release|Any CPU
		{3F6B64BC-A3CC-430E-A9EF-2A2BDC98FE0A}.Release|Mixed Platforms.Build.0 = Release|Any CPU
		{3F6B64BC-A3CC-430E-A9EF-2A2BDC98FE0A}.Release|x86.ActiveCfg = Release|x86
		{3F6B64BC-A3CC-430E-A9EF-2A2BDC98FE0A}.Release|x86.Build.0 = Release|x86
		{55C48544-BD4E-4101-A42C-CCCEB2F92304}.Ad-Hoc|iPhone.ActiveCfg = Debug|Any CPU
		{55C48544-BD4E-4101-A42C-CCCEB2F92304}.Ad-Hoc|iPhone.Build.0 = Debug|Any CPU
		{55C48544-BD4E-4101-A42C-CCCEB2F92304}.AppStore|iPhone.ActiveCfg = Debug|Any CPU
		{55C48544-BD4E-4101-A42C-CCCEB2F92304}.AppStore|iPhone.Build.0 = Debug|Any CPU
		{55C48544-BD4E-4101-A42C-CCCEB2F92304}.Debug|Any CPU.ActiveCfg = Debug|Any CPU
		{55C48544-BD4E-4101-A42C-CCCEB2F92304}.Debug|Any CPU.Build.0 = Debug|Any CPU
		{55C48544-BD4E-4101-A42C-CCCEB2F92304}.Debug|iPhone.ActiveCfg = Debug|Any CPU
		{55C48544-BD4E-4101-A42C-CCCEB2F92304}.Debug|iPhone.Build.0 = Debug|Any CPU
		{55C48544-BD4E-4101-A42C-CCCEB2F92304}.Debug|iPhoneSimulator.ActiveCfg = Debug|Any CPU
		{55C48544-BD4E-4101-A42C-CCCEB2F92304}.Debug|iPhoneSimulator.Build.0 = Debug|Any CPU
		{55C48544-BD4E-4101-A42C-CCCEB2F92304}.Debug|Mixed Platforms.ActiveCfg = Debug|Any CPU
		{55C48544-BD4E-4101-A42C-CCCEB2F92304}.Debug|Mixed Platforms.Build.0 = Debug|Any CPU
		{55C48544-BD4E-4101-A42C-CCCEB2F92304}.Debug|x86.ActiveCfg = Debug|x86
		{55C48544-BD4E-4101-A42C-CCCEB2F92304}.Debug|x86.Build.0 = Debug|x86
		{55C48544-BD4E-4101-A42C-CCCEB2F92304}.Release|Any CPU.ActiveCfg = Release|Any CPU
		{55C48544-BD4E-4101-A42C-CCCEB2F92304}.Release|Any CPU.Build.0 = Release|Any CPU
		{55C48544-BD4E-4101-A42C-CCCEB2F92304}.Release|iPhone.ActiveCfg = Release|Any CPU
		{55C48544-BD4E-4101-A42C-CCCEB2F92304}.Release|iPhone.Build.0 = Release|Any CPU
		{55C48544-BD4E-4101-A42C-CCCEB2F92304}.Release|iPhoneSimulator.ActiveCfg = Release|Any CPU
		{55C48544-BD4E-4101-A42C-CCCEB2F92304}.Release|iPhoneSimulator.Build.0 = Release|Any CPU
		{55C48544-BD4E-4101-A42C-CCCEB2F92304}.Release|Mixed Platforms.ActiveCfg = Release|Any CPU
		{55C48544-BD4E-4101-A42C-CCCEB2F92304}.Release|Mixed Platforms.Build.0 = Release|Any CPU
		{55C48544-BD4E-4101-A42C-CCCEB2F92304}.Release|x86.ActiveCfg = Release|x86
		{55C48544-BD4E-4101-A42C-CCCEB2F92304}.Release|x86.Build.0 = Release|x86
		{8FE2916C-8574-4C04-BED3-9799CA458456}.Ad-Hoc|iPhone.ActiveCfg = Debug|Any CPU
		{8FE2916C-8574-4C04-BED3-9799CA458456}.Ad-Hoc|iPhone.Build.0 = Debug|Any CPU
		{8FE2916C-8574-4C04-BED3-9799CA458456}.AppStore|iPhone.ActiveCfg = Debug|Any CPU
		{8FE2916C-8574-4C04-BED3-9799CA458456}.AppStore|iPhone.Build.0 = Debug|Any CPU
		{8FE2916C-8574-4C04-BED3-9799CA458456}.Debug|Any CPU.ActiveCfg = Debug|Any CPU
		{8FE2916C-8574-4C04-BED3-9799CA458456}.Debug|Any CPU.Build.0 = Debug|Any CPU
		{8FE2916C-8574-4C04-BED3-9799CA458456}.Debug|iPhone.ActiveCfg = Debug|Any CPU
		{8FE2916C-8574-4C04-BED3-9799CA458456}.Debug|iPhone.Build.0 = Debug|Any CPU
		{8FE2916C-8574-4C04-BED3-9799CA458456}.Debug|iPhoneSimulator.ActiveCfg = Debug|Any CPU
		{8FE2916C-8574-4C04-BED3-9799CA458456}.Debug|iPhoneSimulator.Build.0 = Debug|Any CPU
		{8FE2916C-8574-4C04-BED3-9799CA458456}.Debug|Mixed Platforms.ActiveCfg = Debug|Any CPU
		{8FE2916C-8574-4C04-BED3-9799CA458456}.Debug|Mixed Platforms.Build.0 = Debug|Any CPU
		{8FE2916C-8574-4C04-BED3-9799CA458456}.Debug|x86.ActiveCfg = Debug|Any CPU
		{8FE2916C-8574-4C04-BED3-9799CA458456}.Release|Any CPU.ActiveCfg = Release|Any CPU
		{8FE2916C-8574-4C04-BED3-9799CA458456}.Release|Any CPU.Build.0 = Release|Any CPU
		{8FE2916C-8574-4C04-BED3-9799CA458456}.Release|iPhone.ActiveCfg = Release|Any CPU
		{8FE2916C-8574-4C04-BED3-9799CA458456}.Release|iPhone.Build.0 = Release|Any CPU
		{8FE2916C-8574-4C04-BED3-9799CA458456}.Release|iPhoneSimulator.ActiveCfg = Release|Any CPU
		{8FE2916C-8574-4C04-BED3-9799CA458456}.Release|iPhoneSimulator.Build.0 = Release|Any CPU
		{8FE2916C-8574-4C04-BED3-9799CA458456}.Release|Mixed Platforms.ActiveCfg = Release|Any CPU
		{8FE2916C-8574-4C04-BED3-9799CA458456}.Release|Mixed Platforms.Build.0 = Release|Any CPU
		{8FE2916C-8574-4C04-BED3-9799CA458456}.Release|x86.ActiveCfg = Release|Any CPU
		{A624D7AF-4B2C-439F-AFA0-C7EA88C0D13B}.Ad-Hoc|iPhone.ActiveCfg = Ad-Hoc|iPhone
		{A624D7AF-4B2C-439F-AFA0-C7EA88C0D13B}.Ad-Hoc|iPhone.Build.0 = Ad-Hoc|iPhone
		{A624D7AF-4B2C-439F-AFA0-C7EA88C0D13B}.AppStore|iPhone.ActiveCfg = AppStore|iPhone
		{A624D7AF-4B2C-439F-AFA0-C7EA88C0D13B}.AppStore|iPhone.Build.0 = AppStore|iPhone
		{A624D7AF-4B2C-439F-AFA0-C7EA88C0D13B}.Debug|Any CPU.ActiveCfg = Debug|iPhoneSimulator
		{A624D7AF-4B2C-439F-AFA0-C7EA88C0D13B}.Debug|Any CPU.Build.0 = Debug|iPhoneSimulator
		{A624D7AF-4B2C-439F-AFA0-C7EA88C0D13B}.Debug|iPhone.ActiveCfg = Debug|iPhone
		{A624D7AF-4B2C-439F-AFA0-C7EA88C0D13B}.Debug|iPhone.Build.0 = Debug|iPhone
		{A624D7AF-4B2C-439F-AFA0-C7EA88C0D13B}.Debug|iPhoneSimulator.ActiveCfg = Debug|iPhoneSimulator
		{A624D7AF-4B2C-439F-AFA0-C7EA88C0D13B}.Debug|iPhoneSimulator.Build.0 = Debug|iPhoneSimulator
		{A624D7AF-4B2C-439F-AFA0-C7EA88C0D13B}.Debug|Mixed Platforms.ActiveCfg = Debug|iPhoneSimulator
		{A624D7AF-4B2C-439F-AFA0-C7EA88C0D13B}.Debug|Mixed Platforms.Build.0 = Debug|iPhoneSimulator
		{A624D7AF-4B2C-439F-AFA0-C7EA88C0D13B}.Debug|x86.ActiveCfg = Debug|iPhoneSimulator
		{A624D7AF-4B2C-439F-AFA0-C7EA88C0D13B}.Debug|x86.Build.0 = Debug|iPhoneSimulator
		{A624D7AF-4B2C-439F-AFA0-C7EA88C0D13B}.Release|Any CPU.ActiveCfg = Release|iPhoneSimulator
		{A624D7AF-4B2C-439F-AFA0-C7EA88C0D13B}.Release|Any CPU.Build.0 = Release|iPhoneSimulator
		{A624D7AF-4B2C-439F-AFA0-C7EA88C0D13B}.Release|iPhone.ActiveCfg = Release|iPhone
		{A624D7AF-4B2C-439F-AFA0-C7EA88C0D13B}.Release|iPhone.Build.0 = Release|iPhone
		{A624D7AF-4B2C-439F-AFA0-C7EA88C0D13B}.Release|iPhoneSimulator.ActiveCfg = Release|iPhoneSimulator
		{A624D7AF-4B2C-439F-AFA0-C7EA88C0D13B}.Release|iPhoneSimulator.Build.0 = Release|iPhoneSimulator
		{A624D7AF-4B2C-439F-AFA0-C7EA88C0D13B}.Release|Mixed Platforms.ActiveCfg = Release|iPhoneSimulator
		{A624D7AF-4B2C-439F-AFA0-C7EA88C0D13B}.Release|Mixed Platforms.Build.0 = Release|iPhoneSimulator
		{A624D7AF-4B2C-439F-AFA0-C7EA88C0D13B}.Release|x86.ActiveCfg = Release|iPhoneSimulator
		{A624D7AF-4B2C-439F-AFA0-C7EA88C0D13B}.Release|x86.Build.0 = Release|iPhoneSimulator
		{A6F3BF74-A744-4886-9777-B9FD6CFA7F5B}.Ad-Hoc|iPhone.ActiveCfg = Debug|Any CPU
		{A6F3BF74-A744-4886-9777-B9FD6CFA7F5B}.Ad-Hoc|iPhone.Build.0 = Debug|Any CPU
		{A6F3BF74-A744-4886-9777-B9FD6CFA7F5B}.AppStore|iPhone.ActiveCfg = Debug|Any CPU
		{A6F3BF74-A744-4886-9777-B9FD6CFA7F5B}.AppStore|iPhone.Build.0 = Debug|Any CPU
		{A6F3BF74-A744-4886-9777-B9FD6CFA7F5B}.Debug|Any CPU.ActiveCfg = Debug|Any CPU
		{A6F3BF74-A744-4886-9777-B9FD6CFA7F5B}.Debug|Any CPU.Build.0 = Debug|Any CPU
		{A6F3BF74-A744-4886-9777-B9FD6CFA7F5B}.Debug|iPhone.ActiveCfg = Debug|Any CPU
		{A6F3BF74-A744-4886-9777-B9FD6CFA7F5B}.Debug|iPhone.Build.0 = Debug|Any CPU
		{A6F3BF74-A744-4886-9777-B9FD6CFA7F5B}.Debug|iPhoneSimulator.ActiveCfg = Debug|Any CPU
		{A6F3BF74-A744-4886-9777-B9FD6CFA7F5B}.Debug|iPhoneSimulator.Build.0 = Debug|Any CPU
		{A6F3BF74-A744-4886-9777-B9FD6CFA7F5B}.Debug|Mixed Platforms.ActiveCfg = Debug|Any CPU
		{A6F3BF74-A744-4886-9777-B9FD6CFA7F5B}.Debug|Mixed Platforms.Build.0 = Debug|Any CPU
		{A6F3BF74-A744-4886-9777-B9FD6CFA7F5B}.Debug|x86.ActiveCfg = Debug|x86
		{A6F3BF74-A744-4886-9777-B9FD6CFA7F5B}.Debug|x86.Build.0 = Debug|x86
		{A6F3BF74-A744-4886-9777-B9FD6CFA7F5B}.Release|Any CPU.ActiveCfg = Release|Any CPU
		{A6F3BF74-A744-4886-9777-B9FD6CFA7F5B}.Release|Any CPU.Build.0 = Release|Any CPU
		{A6F3BF74-A744-4886-9777-B9FD6CFA7F5B}.Release|iPhone.ActiveCfg = Release|Any CPU
		{A6F3BF74-A744-4886-9777-B9FD6CFA7F5B}.Release|iPhone.Build.0 = Release|Any CPU
		{A6F3BF74-A744-4886-9777-B9FD6CFA7F5B}.Release|iPhoneSimulator.ActiveCfg = Release|Any CPU
		{A6F3BF74-A744-4886-9777-B9FD6CFA7F5B}.Release|iPhoneSimulator.Build.0 = Release|Any CPU
		{A6F3BF74-A744-4886-9777-B9FD6CFA7F5B}.Release|Mixed Platforms.ActiveCfg = Release|Any CPU
		{A6F3BF74-A744-4886-9777-B9FD6CFA7F5B}.Release|Mixed Platforms.Build.0 = Release|Any CPU
		{A6F3BF74-A744-4886-9777-B9FD6CFA7F5B}.Release|x86.ActiveCfg = Release|x86
		{A6F3BF74-A744-4886-9777-B9FD6CFA7F5B}.Release|x86.Build.0 = Release|x86
		{C5008846-A54B-46C3-B144-973E50B8620F}.Ad-Hoc|iPhone.ActiveCfg = Debug|x86
		{C5008846-A54B-46C3-B144-973E50B8620F}.Ad-Hoc|iPhone.Build.0 = Debug|x86
		{C5008846-A54B-46C3-B144-973E50B8620F}.AppStore|iPhone.ActiveCfg = Debug|x86
		{C5008846-A54B-46C3-B144-973E50B8620F}.AppStore|iPhone.Build.0 = Debug|x86
		{C5008846-A54B-46C3-B144-973E50B8620F}.Debug|Any CPU.ActiveCfg = Debug|x86
		{C5008846-A54B-46C3-B144-973E50B8620F}.Debug|iPhone.ActiveCfg = Debug|x86
		{C5008846-A54B-46C3-B144-973E50B8620F}.Debug|iPhone.Build.0 = Debug|x86
		{C5008846-A54B-46C3-B144-973E50B8620F}.Debug|iPhoneSimulator.ActiveCfg = Debug|x86
		{C5008846-A54B-46C3-B144-973E50B8620F}.Debug|iPhoneSimulator.Build.0 = Debug|x86
		{C5008846-A54B-46C3-B144-973E50B8620F}.Debug|Mixed Platforms.ActiveCfg = Debug|x86
		{C5008846-A54B-46C3-B144-973E50B8620F}.Debug|Mixed Platforms.Build.0 = Debug|x86
		{C5008846-A54B-46C3-B144-973E50B8620F}.Debug|x86.ActiveCfg = Debug|x86
		{C5008846-A54B-46C3-B144-973E50B8620F}.Debug|x86.Build.0 = Debug|x86
		{C5008846-A54B-46C3-B144-973E50B8620F}.Release|Any CPU.ActiveCfg = Release|x86
		{C5008846-A54B-46C3-B144-973E50B8620F}.Release|Any CPU.Build.0 = Release|x86
		{C5008846-A54B-46C3-B144-973E50B8620F}.Release|iPhone.ActiveCfg = Release|x86
		{C5008846-A54B-46C3-B144-973E50B8620F}.Release|iPhone.Build.0 = Release|x86
		{C5008846-A54B-46C3-B144-973E50B8620F}.Release|iPhoneSimulator.ActiveCfg = Release|x86
		{C5008846-A54B-46C3-B144-973E50B8620F}.Release|iPhoneSimulator.Build.0 = Release|x86
		{C5008846-A54B-46C3-B144-973E50B8620F}.Release|Mixed Platforms.ActiveCfg = Release|x86
		{C5008846-A54B-46C3-B144-973E50B8620F}.Release|Mixed Platforms.Build.0 = Release|x86
		{C5008846-A54B-46C3-B144-973E50B8620F}.Release|x86.ActiveCfg = Release|x86
		{C5008846-A54B-46C3-B144-973E50B8620F}.Release|x86.Build.0 = Release|x86
		{CD5F862C-E318-45AB-BB24-A5C648F55CAD}.Ad-Hoc|iPhone.ActiveCfg = Debug|Any CPU
		{CD5F862C-E318-45AB-BB24-A5C648F55CAD}.Ad-Hoc|iPhone.Build.0 = Debug|Any CPU
		{CD5F862C-E318-45AB-BB24-A5C648F55CAD}.AppStore|iPhone.ActiveCfg = Debug|Any CPU
		{CD5F862C-E318-45AB-BB24-A5C648F55CAD}.AppStore|iPhone.Build.0 = Debug|Any CPU
		{CD5F862C-E318-45AB-BB24-A5C648F55CAD}.Debug|Any CPU.ActiveCfg = Debug|Any CPU
		{CD5F862C-E318-45AB-BB24-A5C648F55CAD}.Debug|Any CPU.Build.0 = Debug|Any CPU
		{CD5F862C-E318-45AB-BB24-A5C648F55CAD}.Debug|iPhone.ActiveCfg = Debug|Any CPU
		{CD5F862C-E318-45AB-BB24-A5C648F55CAD}.Debug|iPhone.Build.0 = Debug|Any CPU
		{CD5F862C-E318-45AB-BB24-A5C648F55CAD}.Debug|iPhoneSimulator.ActiveCfg = Debug|Any CPU
		{CD5F862C-E318-45AB-BB24-A5C648F55CAD}.Debug|iPhoneSimulator.Build.0 = Debug|Any CPU
		{CD5F862C-E318-45AB-BB24-A5C648F55CAD}.Debug|Mixed Platforms.ActiveCfg = Debug|Any CPU
		{CD5F862C-E318-45AB-BB24-A5C648F55CAD}.Debug|Mixed Platforms.Build.0 = Debug|Any CPU
		{CD5F862C-E318-45AB-BB24-A5C648F55CAD}.Debug|x86.ActiveCfg = Debug|Any CPU
		{CD5F862C-E318-45AB-BB24-A5C648F55CAD}.Debug|x86.Build.0 = Debug|Any CPU
		{CD5F862C-E318-45AB-BB24-A5C648F55CAD}.Release|Any CPU.ActiveCfg = Release|Any CPU
		{CD5F862C-E318-45AB-BB24-A5C648F55CAD}.Release|Any CPU.Build.0 = Release|Any CPU
		{CD5F862C-E318-45AB-BB24-A5C648F55CAD}.Release|iPhone.ActiveCfg = Release|Any CPU
		{CD5F862C-E318-45AB-BB24-A5C648F55CAD}.Release|iPhone.Build.0 = Release|Any CPU
		{CD5F862C-E318-45AB-BB24-A5C648F55CAD}.Release|iPhoneSimulator.ActiveCfg = Release|Any CPU
		{CD5F862C-E318-45AB-BB24-A5C648F55CAD}.Release|iPhoneSimulator.Build.0 = Release|Any CPU
		{CD5F862C-E318-45AB-BB24-A5C648F55CAD}.Release|Mixed Platforms.ActiveCfg = Release|Any CPU
		{CD5F862C-E318-45AB-BB24-A5C648F55CAD}.Release|Mixed Platforms.Build.0 = Release|Any CPU
		{CD5F862C-E318-45AB-BB24-A5C648F55CAD}.Release|x86.ActiveCfg = Release|Any CPU
		{CD5F862C-E318-45AB-BB24-A5C648F55CAD}.Release|x86.Build.0 = Release|Any CPU
		{FEE255A9-1012-4990-BF0D-7648F5489346}.Ad-Hoc|iPhone.ActiveCfg = Debug|Any CPU
		{FEE255A9-1012-4990-BF0D-7648F5489346}.Ad-Hoc|iPhone.Build.0 = Debug|Any CPU
		{FEE255A9-1012-4990-BF0D-7648F5489346}.AppStore|iPhone.ActiveCfg = Debug|Any CPU
		{FEE255A9-1012-4990-BF0D-7648F5489346}.AppStore|iPhone.Build.0 = Debug|Any CPU
		{FEE255A9-1012-4990-BF0D-7648F5489346}.Debug|Any CPU.ActiveCfg = Debug|Any CPU
		{FEE255A9-1012-4990-BF0D-7648F5489346}.Debug|Any CPU.Build.0 = Debug|Any CPU
		{FEE255A9-1012-4990-BF0D-7648F5489346}.Debug|iPhone.ActiveCfg = Debug|Any CPU
		{FEE255A9-1012-4990-BF0D-7648F5489346}.Debug|iPhone.Build.0 = Debug|Any CPU
		{FEE255A9-1012-4990-BF0D-7648F5489346}.Debug|iPhoneSimulator.ActiveCfg = Debug|Any CPU
		{FEE255A9-1012-4990-BF0D-7648F5489346}.Debug|iPhoneSimulator.Build.0 = Debug|Any CPU
		{FEE255A9-1012-4990-BF0D-7648F5489346}.Debug|Mixed Platforms.ActiveCfg = Debug|Any CPU
		{FEE255A9-1012-4990-BF0D-7648F5489346}.Debug|Mixed Platforms.Build.0 = Debug|Any CPU
		{FEE255A9-1012-4990-BF0D-7648F5489346}.Debug|x86.ActiveCfg = Debug|x86
		{FEE255A9-1012-4990-BF0D-7648F5489346}.Debug|x86.Build.0 = Debug|x86
		{FEE255A9-1012-4990-BF0D-7648F5489346}.Release|Any CPU.ActiveCfg = Release|Any CPU
		{FEE255A9-1012-4990-BF0D-7648F5489346}.Release|Any CPU.Build.0 = Release|Any CPU
		{FEE255A9-1012-4990-BF0D-7648F5489346}.Release|iPhone.ActiveCfg = Release|Any CPU
		{FEE255A9-1012-4990-BF0D-7648F5489346}.Release|iPhone.Build.0 = Release|Any CPU
		{FEE255A9-1012-4990-BF0D-7648F5489346}.Release|iPhoneSimulator.ActiveCfg = Release|Any CPU
		{FEE255A9-1012-4990-BF0D-7648F5489346}.Release|iPhoneSimulator.Build.0 = Release|Any CPU
		{FEE255A9-1012-4990-BF0D-7648F5489346}.Release|Mixed Platforms.ActiveCfg = Release|Any CPU
		{FEE255A9-1012-4990-BF0D-7648F5489346}.Release|Mixed Platforms.Build.0 = Release|Any CPU
		{FEE255A9-1012-4990-BF0D-7648F5489346}.Release|x86.ActiveCfg = Release|x86
		{FEE255A9-1012-4990-BF0D-7648F5489346}.Release|x86.Build.0 = Release|x86
	EndGlobalSection
	GlobalSection(NestedProjects) = preSolution
	EndGlobalSection
	GlobalSection(MonoDevelopProperties) = preSolution
		Policies = $0
		$0.DotNetNamingPolicy = $1
		$1.DirectoryNamespaceAssociation = None
		$1.ResourceNamePolicy = FileFormatDefault
		$0.TextStylePolicy = $2
		$2.FileWidth = 120
		$2.TabsToSpaces = False
		$2.inheritsSet = VisualStudio
		$2.inheritsScope = text/plain
	EndGlobalSection
	GlobalSection(SolutionProperties) = preSolution
		HideSolutionNode = FALSE
	EndGlobalSection
EndGlobal
