
Microsoft Visual Studio Solution File, Format Version 12.00
# Visual Studio 2013
VisualStudioVersion = 12.0.31101.0
MinimumVisualStudioVersion = 10.0.40219.1
Project("{FAE04EC0-301F-11D3-BF4B-00C04F79EFBC}") = "Isop", "Isop\Isop.csproj", "{3B16BAF9-69F1-4A7B-A6C0-62DE88FD38CB}"
EndProject
Project("{FAE04EC0-301F-11D3-BF4B-00C04F79EFBC}") = "Tests", "Tests\Tests.csproj", "{55C48544-BD4E-4101-A42C-CCCEB2F92304}"
EndProject
Project("{FAE04EC0-301F-11D3-BF4B-00C04F79EFBC}") = "Example", "Example\Example.csproj", "{02596ACA-3C85-4353-8744-5F0A172BA757}"
EndProject
Project("{FAE04EC0-301F-11D3-BF4B-00C04F79EFBC}") = "Isop.Cli", "Isop.Auto.Cli\Isop.Cli.csproj", "{C5008846-A54B-46C3-B144-973E50B8620F}"
EndProject
Project("{FAE04EC0-301F-11D3-BF4B-00C04F79EFBC}") = "Isop.Wpf", "Isop.Wpf\Isop.Wpf.csproj", "{47DA4A1C-3FB5-4FEE-99B3-CE102BCD349C}"
EndProject
Project("{FAE04EC0-301F-11D3-BF4B-00C04F79EFBC}") = "Isop.Wpf.Tests", "Isop.Wpf.Tests\Isop.Wpf.Tests.csproj", "{469E06C3-4DCC-44DF-A653-186272D53D7E}"
EndProject
Project("{2150E333-8FDC-42A3-9474-1A3956D46DE8}") = ".nuget", ".nuget", "{616AC38F-F483-4A59-A09C-EB817929F7C7}"
	ProjectSection(SolutionItems) = preProject
		.nuget\NuGet.Config = .nuget\NuGet.Config
		.nuget\NuGet.exe = .nuget\NuGet.exe
		.nuget\nuget.rb = .nuget\nuget.rb
		.nuget\NuGet.targets = .nuget\NuGet.targets
		.nuget\packages.config = .nuget\packages.config
	EndProjectSection
EndProject
Project("{2150E333-8FDC-42A3-9474-1A3956D46DE8}") = "Solution Items", "Solution Items", "{623E4E99-6404-4ED3-ACC4-98BB79C8978B}"
	ProjectSection(SolutionItems) = preProject
		..\rakefile.rb = ..\rakefile.rb
		..\README.md = ..\README.md
	EndProjectSection
EndProject
Project("{FAE04EC0-301F-11D3-BF4B-00C04F79EFBC}") = "Isop.Server", "Isop.Server\Isop.Server.csproj", "{3F6B64BC-A3CC-430E-A9EF-2A2BDC98FE0A}"
EndProject
Project("{FAE04EC0-301F-11D3-BF4B-00C04F79EFBC}") = "Isop.Client", "Isop.Client\Isop.Client.csproj", "{A6F3BF74-A744-4886-9777-B9FD6CFA7F5B}"
EndProject
Project("{FAE04EC0-301F-11D3-BF4B-00C04F79EFBC}") = "Isop.Client.Tests", "Isop.Client.Tests\Isop.Client.Tests.csproj", "{FEE255A9-1012-4990-BF0D-7648F5489346}"
EndProject
Global
	GlobalSection(SolutionConfigurationPlatforms) = preSolution
		Debug|Any CPU = Debug|Any CPU
		Debug|Mixed Platforms = Debug|Mixed Platforms
		Debug|x86 = Debug|x86
		Release|Any CPU = Release|Any CPU
		Release|Mixed Platforms = Release|Mixed Platforms
		Release|x86 = Release|x86
	EndGlobalSection
	GlobalSection(ProjectConfigurationPlatforms) = postSolution
		{3B16BAF9-69F1-4A7B-A6C0-62DE88FD38CB}.Debug|Any CPU.ActiveCfg = Debug|Any CPU
		{3B16BAF9-69F1-4A7B-A6C0-62DE88FD38CB}.Debug|Any CPU.Build.0 = Debug|Any CPU
		{3B16BAF9-69F1-4A7B-A6C0-62DE88FD38CB}.Debug|Mixed Platforms.ActiveCfg = Debug|Any CPU
		{3B16BAF9-69F1-4A7B-A6C0-62DE88FD38CB}.Debug|Mixed Platforms.Build.0 = Debug|Any CPU
		{3B16BAF9-69F1-4A7B-A6C0-62DE88FD38CB}.Debug|x86.ActiveCfg = Debug|x86
		{3B16BAF9-69F1-4A7B-A6C0-62DE88FD38CB}.Debug|x86.Build.0 = Debug|x86
		{3B16BAF9-69F1-4A7B-A6C0-62DE88FD38CB}.Release|Any CPU.ActiveCfg = Release|Any CPU
		{3B16BAF9-69F1-4A7B-A6C0-62DE88FD38CB}.Release|Any CPU.Build.0 = Release|Any CPU
		{3B16BAF9-69F1-4A7B-A6C0-62DE88FD38CB}.Release|Mixed Platforms.ActiveCfg = Release|Any CPU
		{3B16BAF9-69F1-4A7B-A6C0-62DE88FD38CB}.Release|Mixed Platforms.Build.0 = Release|Any CPU
		{3B16BAF9-69F1-4A7B-A6C0-62DE88FD38CB}.Release|x86.ActiveCfg = Release|x86
		{3B16BAF9-69F1-4A7B-A6C0-62DE88FD38CB}.Release|x86.Build.0 = Release|x86
		{55C48544-BD4E-4101-A42C-CCCEB2F92304}.Debug|Any CPU.ActiveCfg = Debug|Any CPU
		{55C48544-BD4E-4101-A42C-CCCEB2F92304}.Debug|Any CPU.Build.0 = Debug|Any CPU
		{55C48544-BD4E-4101-A42C-CCCEB2F92304}.Debug|Mixed Platforms.ActiveCfg = Debug|Any CPU
		{55C48544-BD4E-4101-A42C-CCCEB2F92304}.Debug|Mixed Platforms.Build.0 = Debug|Any CPU
		{55C48544-BD4E-4101-A42C-CCCEB2F92304}.Debug|x86.ActiveCfg = Debug|x86
		{55C48544-BD4E-4101-A42C-CCCEB2F92304}.Debug|x86.Build.0 = Debug|x86
		{55C48544-BD4E-4101-A42C-CCCEB2F92304}.Release|Any CPU.ActiveCfg = Release|Any CPU
		{55C48544-BD4E-4101-A42C-CCCEB2F92304}.Release|Any CPU.Build.0 = Release|Any CPU
		{55C48544-BD4E-4101-A42C-CCCEB2F92304}.Release|Mixed Platforms.ActiveCfg = Release|Any CPU
		{55C48544-BD4E-4101-A42C-CCCEB2F92304}.Release|Mixed Platforms.Build.0 = Release|Any CPU
		{55C48544-BD4E-4101-A42C-CCCEB2F92304}.Release|x86.ActiveCfg = Release|x86
		{55C48544-BD4E-4101-A42C-CCCEB2F92304}.Release|x86.Build.0 = Release|x86
		{02596ACA-3C85-4353-8744-5F0A172BA757}.Debug|Any CPU.ActiveCfg = Debug|x86
		{02596ACA-3C85-4353-8744-5F0A172BA757}.Debug|Any CPU.Build.0 = Debug|x86
		{02596ACA-3C85-4353-8744-5F0A172BA757}.Debug|Mixed Platforms.ActiveCfg = Debug|x86
		{02596ACA-3C85-4353-8744-5F0A172BA757}.Debug|Mixed Platforms.Build.0 = Debug|x86
		{02596ACA-3C85-4353-8744-5F0A172BA757}.Debug|x86.ActiveCfg = Debug|x86
		{02596ACA-3C85-4353-8744-5F0A172BA757}.Debug|x86.Build.0 = Debug|x86
		{02596ACA-3C85-4353-8744-5F0A172BA757}.Release|Any CPU.ActiveCfg = Release|x86
		{02596ACA-3C85-4353-8744-5F0A172BA757}.Release|Any CPU.Build.0 = Release|x86
		{02596ACA-3C85-4353-8744-5F0A172BA757}.Release|Mixed Platforms.ActiveCfg = Release|x86
		{02596ACA-3C85-4353-8744-5F0A172BA757}.Release|Mixed Platforms.Build.0 = Release|x86
		{02596ACA-3C85-4353-8744-5F0A172BA757}.Release|x86.ActiveCfg = Release|x86
		{02596ACA-3C85-4353-8744-5F0A172BA757}.Release|x86.Build.0 = Release|x86
		{C5008846-A54B-46C3-B144-973E50B8620F}.Debug|Any CPU.ActiveCfg = Debug|x86
		{C5008846-A54B-46C3-B144-973E50B8620F}.Debug|Mixed Platforms.ActiveCfg = Debug|x86
		{C5008846-A54B-46C3-B144-973E50B8620F}.Debug|Mixed Platforms.Build.0 = Debug|x86
		{C5008846-A54B-46C3-B144-973E50B8620F}.Debug|x86.ActiveCfg = Debug|x86
		{C5008846-A54B-46C3-B144-973E50B8620F}.Debug|x86.Build.0 = Debug|x86
		{C5008846-A54B-46C3-B144-973E50B8620F}.Release|Any CPU.ActiveCfg = Release|x86
		{C5008846-A54B-46C3-B144-973E50B8620F}.Release|Any CPU.Build.0 = Release|x86
		{C5008846-A54B-46C3-B144-973E50B8620F}.Release|Mixed Platforms.ActiveCfg = Release|x86
		{C5008846-A54B-46C3-B144-973E50B8620F}.Release|Mixed Platforms.Build.0 = Release|x86
		{C5008846-A54B-46C3-B144-973E50B8620F}.Release|x86.ActiveCfg = Release|x86
		{C5008846-A54B-46C3-B144-973E50B8620F}.Release|x86.Build.0 = Release|x86
		{47DA4A1C-3FB5-4FEE-99B3-CE102BCD349C}.Debug|Any CPU.ActiveCfg = Debug|x86
		{47DA4A1C-3FB5-4FEE-99B3-CE102BCD349C}.Debug|Any CPU.Build.0 = Debug|x86
		{47DA4A1C-3FB5-4FEE-99B3-CE102BCD349C}.Debug|Mixed Platforms.ActiveCfg = Debug|x86
		{47DA4A1C-3FB5-4FEE-99B3-CE102BCD349C}.Debug|Mixed Platforms.Build.0 = Debug|x86
		{47DA4A1C-3FB5-4FEE-99B3-CE102BCD349C}.Debug|x86.ActiveCfg = Debug|x86
		{47DA4A1C-3FB5-4FEE-99B3-CE102BCD349C}.Debug|x86.Build.0 = Debug|x86
		{47DA4A1C-3FB5-4FEE-99B3-CE102BCD349C}.Release|Any CPU.ActiveCfg = Release|x86
		{47DA4A1C-3FB5-4FEE-99B3-CE102BCD349C}.Release|Any CPU.Build.0 = Release|x86
		{47DA4A1C-3FB5-4FEE-99B3-CE102BCD349C}.Release|Mixed Platforms.ActiveCfg = Release|x86
		{47DA4A1C-3FB5-4FEE-99B3-CE102BCD349C}.Release|Mixed Platforms.Build.0 = Release|x86
		{47DA4A1C-3FB5-4FEE-99B3-CE102BCD349C}.Release|x86.ActiveCfg = Release|x86
		{47DA4A1C-3FB5-4FEE-99B3-CE102BCD349C}.Release|x86.Build.0 = Release|x86
		{469E06C3-4DCC-44DF-A653-186272D53D7E}.Debug|Any CPU.ActiveCfg = Debug|x86
		{469E06C3-4DCC-44DF-A653-186272D53D7E}.Debug|Any CPU.Build.0 = Debug|x86
		{469E06C3-4DCC-44DF-A653-186272D53D7E}.Debug|Mixed Platforms.ActiveCfg = Debug|x86
		{469E06C3-4DCC-44DF-A653-186272D53D7E}.Debug|Mixed Platforms.Build.0 = Debug|x86
		{469E06C3-4DCC-44DF-A653-186272D53D7E}.Debug|x86.ActiveCfg = Debug|x86
		{469E06C3-4DCC-44DF-A653-186272D53D7E}.Debug|x86.Build.0 = Debug|x86
		{469E06C3-4DCC-44DF-A653-186272D53D7E}.Release|Any CPU.ActiveCfg = Release|x86
		{469E06C3-4DCC-44DF-A653-186272D53D7E}.Release|Any CPU.Build.0 = Release|x86
		{469E06C3-4DCC-44DF-A653-186272D53D7E}.Release|Mixed Platforms.ActiveCfg = Release|x86
		{469E06C3-4DCC-44DF-A653-186272D53D7E}.Release|Mixed Platforms.Build.0 = Release|x86
		{469E06C3-4DCC-44DF-A653-186272D53D7E}.Release|x86.ActiveCfg = Release|x86
		{469E06C3-4DCC-44DF-A653-186272D53D7E}.Release|x86.Build.0 = Release|x86
		{3F6B64BC-A3CC-430E-A9EF-2A2BDC98FE0A}.Debug|Any CPU.ActiveCfg = Debug|Any CPU
		{3F6B64BC-A3CC-430E-A9EF-2A2BDC98FE0A}.Debug|Any CPU.Build.0 = Debug|Any CPU
		{3F6B64BC-A3CC-430E-A9EF-2A2BDC98FE0A}.Debug|Mixed Platforms.ActiveCfg = Debug|Any CPU
		{3F6B64BC-A3CC-430E-A9EF-2A2BDC98FE0A}.Debug|Mixed Platforms.Build.0 = Debug|Any CPU
		{3F6B64BC-A3CC-430E-A9EF-2A2BDC98FE0A}.Debug|x86.ActiveCfg = Debug|x86
		{3F6B64BC-A3CC-430E-A9EF-2A2BDC98FE0A}.Debug|x86.Build.0 = Debug|x86
		{3F6B64BC-A3CC-430E-A9EF-2A2BDC98FE0A}.Release|Any CPU.ActiveCfg = Release|Any CPU
		{3F6B64BC-A3CC-430E-A9EF-2A2BDC98FE0A}.Release|Any CPU.Build.0 = Release|Any CPU
		{3F6B64BC-A3CC-430E-A9EF-2A2BDC98FE0A}.Release|Mixed Platforms.ActiveCfg = Release|Any CPU
		{3F6B64BC-A3CC-430E-A9EF-2A2BDC98FE0A}.Release|Mixed Platforms.Build.0 = Release|Any CPU
		{3F6B64BC-A3CC-430E-A9EF-2A2BDC98FE0A}.Release|x86.ActiveCfg = Release|x86
		{3F6B64BC-A3CC-430E-A9EF-2A2BDC98FE0A}.Release|x86.Build.0 = Release|x86
		{A6F3BF74-A744-4886-9777-B9FD6CFA7F5B}.Debug|Any CPU.ActiveCfg = Debug|Any CPU
		{A6F3BF74-A744-4886-9777-B9FD6CFA7F5B}.Debug|Any CPU.Build.0 = Debug|Any CPU
		{A6F3BF74-A744-4886-9777-B9FD6CFA7F5B}.Debug|Mixed Platforms.ActiveCfg = Debug|Any CPU
		{A6F3BF74-A744-4886-9777-B9FD6CFA7F5B}.Debug|Mixed Platforms.Build.0 = Debug|Any CPU
		{A6F3BF74-A744-4886-9777-B9FD6CFA7F5B}.Debug|x86.ActiveCfg = Debug|x86
		{A6F3BF74-A744-4886-9777-B9FD6CFA7F5B}.Debug|x86.Build.0 = Debug|x86
		{A6F3BF74-A744-4886-9777-B9FD6CFA7F5B}.Release|Any CPU.ActiveCfg = Release|Any CPU
		{A6F3BF74-A744-4886-9777-B9FD6CFA7F5B}.Release|Any CPU.Build.0 = Release|Any CPU
		{A6F3BF74-A744-4886-9777-B9FD6CFA7F5B}.Release|Mixed Platforms.ActiveCfg = Release|Any CPU
		{A6F3BF74-A744-4886-9777-B9FD6CFA7F5B}.Release|Mixed Platforms.Build.0 = Release|Any CPU
		{A6F3BF74-A744-4886-9777-B9FD6CFA7F5B}.Release|x86.ActiveCfg = Release|x86
		{A6F3BF74-A744-4886-9777-B9FD6CFA7F5B}.Release|x86.Build.0 = Release|x86
		{FEE255A9-1012-4990-BF0D-7648F5489346}.Debug|Any CPU.ActiveCfg = Debug|Any CPU
		{FEE255A9-1012-4990-BF0D-7648F5489346}.Debug|Any CPU.Build.0 = Debug|Any CPU
		{FEE255A9-1012-4990-BF0D-7648F5489346}.Debug|Mixed Platforms.ActiveCfg = Debug|Any CPU
		{FEE255A9-1012-4990-BF0D-7648F5489346}.Debug|Mixed Platforms.Build.0 = Debug|Any CPU
		{FEE255A9-1012-4990-BF0D-7648F5489346}.Debug|x86.ActiveCfg = Debug|x86
		{FEE255A9-1012-4990-BF0D-7648F5489346}.Debug|x86.Build.0 = Debug|x86
		{FEE255A9-1012-4990-BF0D-7648F5489346}.Release|Any CPU.ActiveCfg = Release|Any CPU
		{FEE255A9-1012-4990-BF0D-7648F5489346}.Release|Any CPU.Build.0 = Release|Any CPU
		{FEE255A9-1012-4990-BF0D-7648F5489346}.Release|Mixed Platforms.ActiveCfg = Release|Any CPU
		{FEE255A9-1012-4990-BF0D-7648F5489346}.Release|Mixed Platforms.Build.0 = Release|Any CPU
		{FEE255A9-1012-4990-BF0D-7648F5489346}.Release|x86.ActiveCfg = Release|x86
		{FEE255A9-1012-4990-BF0D-7648F5489346}.Release|x86.Build.0 = Release|x86
	EndGlobalSection
	GlobalSection(SolutionProperties) = preSolution
		HideSolutionNode = FALSE
	EndGlobalSection
	GlobalSection(MonoDevelopProperties) = preSolution
		StartupItem = Isop\Isop.csproj
		Policies = $0
		$0.DotNetNamingPolicy = $1
		$1.DirectoryNamespaceAssociation = None
		$1.ResourceNamePolicy = FileFormatDefault
		$0.TextStylePolicy = $4
		$2.FileWidth = 120
		$2.NoTabsAfterNonTabs = True
		$2.inheritsSet = VisualStudio
		$2.inheritsScope = text/plain
		$2.scope = text/x-csharp
		$0.CSharpFormattingPolicy = $3
		$3.inheritsSet = Mono
		$3.inheritsScope = text/x-csharp
		$3.scope = text/x-csharp
		$4.FileWidth = 120
		$4.inheritsSet = VisualStudio
		$4.inheritsScope = text/plain
		$4.scope = text/plain
	EndGlobalSection
EndGlobal
